Microsoft Visual Studio Solution File, Format Version 12.00
# Visual Studio Version 17
VisualStudioVersion = 17.5.2.0
MinimumVisualStudioVersion = 10.0.40219.1
Project("{FAE04EC0-301F-11D3-BF4B-00C04F79EFBC}") = "simple_gravity", "simple_gravity.csproj", "{3767F1F8-1108-9D08-824B-E3BFBA6D69E7}"
EndProject
Global
	GlobalSection(SolutionConfigurationPlatforms) = preSolution
		Debug|Any CPU = Debug|Any CPU
		Release|Any CPU = Release|Any CPU
	EndGlobalSection
	GlobalSection(ProjectConfigurationPlatforms) = postSolution
		{3767F1F8-1108-9D08-824B-E3BFBA6D69E7}.Debug|Any CPU.ActiveCfg = Debug|Any CPU
		{3767F1F8-1108-9D08-824B-E3BFBA6D69E7}.Debug|Any CPU.Build.0 = Debug|Any CPU
		{3767F1F8-1108-9D08-824B-E3BFBA6D69E7}.Release|Any CPU.ActiveCfg = Release|Any CPU
		{3767F1F8-1108-9D08-824B-E3BFBA6D69E7}.Release|Any CPU.Build.0 = Release|Any CPU
	EndGlobalSection
	GlobalSection(SolutionProperties) = preSolution
		HideSolutionNode = FALSE
	EndGlobalSection
	GlobalSection(ExtensibilityGlobals) = postSolution
		SolutionGuid = {9C40E6C1-D0C5-4D32-8805-AE79D32705A0}
	EndGlobalSection
EndGlobal
